
Microsoft Visual Studio Solution File, Format Version 10.00
# Visual Studio 2008
Project("{FAE04EC0-301F-11D3-BF4B-00C04F79EFBC}") = "HS.Text", "HS.Text\HS.Text.csproj", "{C027E84A-C61D-4C04-9153-1CD9594DA94F}"
EndProject
Project("{FAE04EC0-301F-11D3-BF4B-00C04F79EFBC}") = "HS.Text.Tests", "HS.Text.Tests\HS.Text.Tests.csproj", "{3D194C2A-AADE-46D7-B1D9-B5E0A78B8FFB}"
EndProject
Global
	GlobalSection(SolutionConfigurationPlatforms) = preSolution
		Debug|Any CPU = Debug|Any CPU
		Release|Any CPU = Release|Any CPU
	EndGlobalSection
	GlobalSection(ProjectConfigurationPlatforms) = postSolution
		{C027E84A-C61D-4C04-9153-1CD9594DA94F}.Debug|Any CPU.ActiveCfg = Debug|Any CPU
		{C027E84A-C61D-4C04-9153-1CD9594DA94F}.Debug|Any CPU.Build.0 = Debug|Any CPU
		{C027E84A-C61D-4C04-9153-1CD9594DA94F}.Release|Any CPU.ActiveCfg = Release|Any CPU
		{C027E84A-C61D-4C04-9153-1CD9594DA94F}.Release|Any CPU.Build.0 = Release|Any CPU
		{3D194C2A-AADE-46D7-B1D9-B5E0A78B8FFB}.Debug|Any CPU.ActiveCfg = Debug|Any CPU
		{3D194C2A-AADE-46D7-B1D9-B5E0A78B8FFB}.Debug|Any CPU.Build.0 = Debug|Any CPU
		{3D194C2A-AADE-46D7-B1D9-B5E0A78B8FFB}.Release|Any CPU.ActiveCfg = Release|Any CPU
		{3D194C2A-AADE-46D7-B1D9-B5E0A78B8FFB}.Release|Any CPU.Build.0 = Release|Any CPU
	EndGlobalSection
	GlobalSection(SolutionProperties) = preSolution
		HideSolutionNode = FALSE
	EndGlobalSection
EndGlobal
